
Microsoft Visual Studio Solution File, Format Version 12.00
# Visual Studio 15
VisualStudioVersion = 15.0.28307.438
MinimumVisualStudioVersion = 10.0.40219.1
Project("{8BC9CEB8-8B4A-11D0-8D11-00A0C91BC942}") = "SClb_ArtNetNode2", "SClb_ArtNetNode2.vcxitems", "{62874DC8-DB66-4ACB-85D2-6A090F850C2B}"
EndProject
Global
	GlobalSection(SolutionProperties) = preSolution
		HideSolutionNode = FALSE
	EndGlobalSection
	GlobalSection(ExtensibilityGlobals) = postSolution
		SolutionGuid = {7F9AFB4B-F427-4F3F-B19D-24DBA76F2E23}
	EndGlobalSection
EndGlobal
